
Microsoft Visual Studio Solution File, Format Version 12.00
# Visual Studio Version 17
VisualStudioVersion = 17.3.32825.248
MinimumVisualStudioVersion = 10.0.40219.1
Project("{FAE04EC0-301F-11D3-BF4B-00C04F79EFBC}") = "TwitterAPI", "TwitterAPI\TwitterAPI.csproj", "{0F81D2BB-5143-4E71-8DE6-F06170B6786D}"
EndProject
Global
	GlobalSection(SolutionConfigurationPlatforms) = preSolution
		Debug|Any CPU = Debug|Any CPU
		Release|Any CPU = Release|Any CPU
	EndGlobalSection
	GlobalSection(ProjectConfigurationPlatforms) = postSolution
		{0F81D2BB-5143-4E71-8DE6-F06170B6786D}.Debug|Any CPU.ActiveCfg = Debug|Any CPU
		{0F81D2BB-5143-4E71-8DE6-F06170B6786D}.Debug|Any CPU.Build.0 = Debug|Any CPU
		{0F81D2BB-5143-4E71-8DE6-F06170B6786D}.Release|Any CPU.ActiveCfg = Release|Any CPU
		{0F81D2BB-5143-4E71-8DE6-F06170B6786D}.Release|Any CPU.Build.0 = Release|Any CPU
	EndGlobalSection
	GlobalSection(SolutionProperties) = preSolution
		HideSolutionNode = FALSE
	EndGlobalSection
	GlobalSection(ExtensibilityGlobals) = postSolution
		SolutionGuid = {F5E2A5E6-AB7A-46DD-B58F-2ACFBA71D348}
	EndGlobalSection
EndGlobal
